
Microsoft Visual Studio Solution File, Format Version 12.00
# Visual Studio 15
VisualStudioVersion = 15.0.26430.6
MinimumVisualStudioVersion = 10.0.40219.1
Project("{FAE04EC0-301F-11D3-BF4B-00C04F79EFBC}") = "ProjectManagement", "ProjectManagement\ProjectManagement.csproj", "{A8C9E171-6D15-450D-BCBA-298CFC68469B}"
EndProject
Project("{FAE04EC0-301F-11D3-BF4B-00C04F79EFBC}") = "ProjectManagement.Tests", "ProjectManagement.Tests\ProjectManagement.Tests.csproj", "{B1FC7B45-B389-4803-BBAE-4B2077E67A8F}"
EndProject
Global
	GlobalSection(SolutionConfigurationPlatforms) = preSolution
		Debug|Any CPU = Debug|Any CPU
		Release|Any CPU = Release|Any CPU
	EndGlobalSection
	GlobalSection(ProjectConfigurationPlatforms) = postSolution
		{A8C9E171-6D15-450D-BCBA-298CFC68469B}.Debug|Any CPU.ActiveCfg = Debug|Any CPU
		{A8C9E171-6D15-450D-BCBA-298CFC68469B}.Debug|Any CPU.Build.0 = Debug|Any CPU
		{A8C9E171-6D15-450D-BCBA-298CFC68469B}.Release|Any CPU.ActiveCfg = Release|Any CPU
		{A8C9E171-6D15-450D-BCBA-298CFC68469B}.Release|Any CPU.Build.0 = Release|Any CPU
		{B1FC7B45-B389-4803-BBAE-4B2077E67A8F}.Debug|Any CPU.ActiveCfg = Debug|Any CPU
		{B1FC7B45-B389-4803-BBAE-4B2077E67A8F}.Debug|Any CPU.Build.0 = Debug|Any CPU
		{B1FC7B45-B389-4803-BBAE-4B2077E67A8F}.Release|Any CPU.ActiveCfg = Release|Any CPU
		{B1FC7B45-B389-4803-BBAE-4B2077E67A8F}.Release|Any CPU.Build.0 = Release|Any CPU
	EndGlobalSection
	GlobalSection(SolutionProperties) = preSolution
		HideSolutionNode = FALSE
	EndGlobalSection
EndGlobal
